
Microsoft Visual Studio Solution File, Format Version 12.00
# Visual Studio 15
VisualStudioVersion = 15.0.27130.2036
MinimumVisualStudioVersion = 10.0.40219.1
Project("{FAE04EC0-301F-11D3-BF4B-00C04F79EFBC}") = "CatchTestAdapterVSIX", "CatchTestAdapterVSIX.csproj", "{27F6F128-29B3-4F95-9C17-F00750484B21}"
EndProject
Project("{FAE04EC0-301F-11D3-BF4B-00C04F79EFBC}") = "TestAdapter", "TestAdapter\TestAdapter.csproj", "{25DDAD58-AC83-402D-9D51-06CD0C8177F5}"
EndProject
Project("{FAE04EC0-301F-11D3-BF4B-00C04F79EFBC}") = "TestAdapterTest", "TestAdapterTest\TestAdapterTest.csproj", "{EF610FE2-77F0-4719-B2D7-E90233C1972E}"
	ProjectSection(ProjectDependencies) = postProject
		{093C2997-4AE2-45A6-85C3-8A459232AD1A} = {093C2997-4AE2-45A6-85C3-8A459232AD1A}
	EndProjectSection
EndProject
Project("{8BC9CEB8-8B4A-11D0-8D11-00A0C91BC942}") = "ReferenceCatchProject", "TestAdapterTest\ReferenceCatchProject\ReferenceCatchProject.vcxproj", "{093C2997-4AE2-45A6-85C3-8A459232AD1A}"
EndProject
Global
	GlobalSection(SolutionConfigurationPlatforms) = preSolution
		Debug|Any CPU = Debug|Any CPU
		Release|Any CPU = Release|Any CPU
	EndGlobalSection
	GlobalSection(ProjectConfigurationPlatforms) = postSolution
		{27F6F128-29B3-4F95-9C17-F00750484B21}.Debug|Any CPU.ActiveCfg = Debug|Any CPU
		{27F6F128-29B3-4F95-9C17-F00750484B21}.Debug|Any CPU.Build.0 = Debug|Any CPU
		{27F6F128-29B3-4F95-9C17-F00750484B21}.Release|Any CPU.ActiveCfg = Release|Any CPU
		{27F6F128-29B3-4F95-9C17-F00750484B21}.Release|Any CPU.Build.0 = Release|Any CPU
		{25DDAD58-AC83-402D-9D51-06CD0C8177F5}.Debug|Any CPU.ActiveCfg = Debug|Any CPU
		{25DDAD58-AC83-402D-9D51-06CD0C8177F5}.Debug|Any CPU.Build.0 = Debug|Any CPU
		{25DDAD58-AC83-402D-9D51-06CD0C8177F5}.Release|Any CPU.ActiveCfg = Release|Any CPU
		{25DDAD58-AC83-402D-9D51-06CD0C8177F5}.Release|Any CPU.Build.0 = Release|Any CPU
		{EF610FE2-77F0-4719-B2D7-E90233C1972E}.Debug|Any CPU.ActiveCfg = Debug|Any CPU
		{EF610FE2-77F0-4719-B2D7-E90233C1972E}.Debug|Any CPU.Build.0 = Debug|Any CPU
		{EF610FE2-77F0-4719-B2D7-E90233C1972E}.Release|Any CPU.ActiveCfg = Release|Any CPU
		{EF610FE2-77F0-4719-B2D7-E90233C1972E}.Release|Any CPU.Build.0 = Release|Any CPU
		{093C2997-4AE2-45A6-85C3-8A459232AD1A}.Debug|Any CPU.ActiveCfg = Debug|x64
		{093C2997-4AE2-45A6-85C3-8A459232AD1A}.Debug|Any CPU.Build.0 = Debug|x64
		{093C2997-4AE2-45A6-85C3-8A459232AD1A}.Release|Any CPU.ActiveCfg = Release|x64
		{093C2997-4AE2-45A6-85C3-8A459232AD1A}.Release|Any CPU.Build.0 = Release|x64
	EndGlobalSection
	GlobalSection(SolutionProperties) = preSolution
		HideSolutionNode = FALSE
	EndGlobalSection
	GlobalSection(ExtensibilityGlobals) = postSolution
		SolutionGuid = {ABD15466-D6DA-4B67-8CF2-EEA7D3901BC4}
	EndGlobalSection
EndGlobal
